
Microsoft Visual Studio Solution File, Format Version 12.00
# Visual Studio Version 17
VisualStudioVersion = 17.10.35122.118
MinimumVisualStudioVersion = 10.0.40219.1
Project("{9A19103F-16F7-4668-BE54-9A1E7A4F7556}") = "Domain", "Domain\Domain.csproj", "{E11D39DB-F431-47A8-B4DC-0D5A1B379030}"
EndProject
Project("{9A19103F-16F7-4668-BE54-9A1E7A4F7556}") = "Application", "Application\Application.csproj", "{F9862EEB-B414-4FA9-9A6B-6EB036BDACF3}"
EndProject
Project("{9A19103F-16F7-4668-BE54-9A1E7A4F7556}") = "Infrastructure", "Infrastructure\Infrastructure.csproj", "{566725B7-FB21-4852-995E-7F89D8D58FD0}"
EndProject
Project("{9A19103F-16F7-4668-BE54-9A1E7A4F7556}") = "WebUI", "WebUI\WebUI.csproj", "{AD1D1A48-B2D9-4ECC-BAAE-EEF6234C8F81}"
EndProject
Global
	GlobalSection(SolutionConfigurationPlatforms) = preSolution
		Debug|Any CPU = Debug|Any CPU
		Release|Any CPU = Release|Any CPU
	EndGlobalSection
	GlobalSection(ProjectConfigurationPlatforms) = postSolution
		{E11D39DB-F431-47A8-B4DC-0D5A1B379030}.Debug|Any CPU.ActiveCfg = Debug|Any CPU
		{E11D39DB-F431-47A8-B4DC-0D5A1B379030}.Debug|Any CPU.Build.0 = Debug|Any CPU
		{E11D39DB-F431-47A8-B4DC-0D5A1B379030}.Release|Any CPU.ActiveCfg = Release|Any CPU
		{E11D39DB-F431-47A8-B4DC-0D5A1B379030}.Release|Any CPU.Build.0 = Release|Any CPU
		{F9862EEB-B414-4FA9-9A6B-6EB036BDACF3}.Debug|Any CPU.ActiveCfg = Debug|Any CPU
		{F9862EEB-B414-4FA9-9A6B-6EB036BDACF3}.Debug|Any CPU.Build.0 = Debug|Any CPU
		{F9862EEB-B414-4FA9-9A6B-6EB036BDACF3}.Release|Any CPU.ActiveCfg = Release|Any CPU
		{F9862EEB-B414-4FA9-9A6B-6EB036BDACF3}.Release|Any CPU.Build.0 = Release|Any CPU
		{566725B7-FB21-4852-995E-7F89D8D58FD0}.Debug|Any CPU.ActiveCfg = Debug|Any CPU
		{566725B7-FB21-4852-995E-7F89D8D58FD0}.Debug|Any CPU.Build.0 = Debug|Any CPU
		{566725B7-FB21-4852-995E-7F89D8D58FD0}.Release|Any CPU.ActiveCfg = Release|Any CPU
		{566725B7-FB21-4852-995E-7F89D8D58FD0}.Release|Any CPU.Build.0 = Release|Any CPU
		{AD1D1A48-B2D9-4ECC-BAAE-EEF6234C8F81}.Debug|Any CPU.ActiveCfg = Debug|Any CPU
		{AD1D1A48-B2D9-4ECC-BAAE-EEF6234C8F81}.Debug|Any CPU.Build.0 = Debug|Any CPU
		{AD1D1A48-B2D9-4ECC-BAAE-EEF6234C8F81}.Release|Any CPU.ActiveCfg = Release|Any CPU
		{AD1D1A48-B2D9-4ECC-BAAE-EEF6234C8F81}.Release|Any CPU.Build.0 = Release|Any CPU
	EndGlobalSection
	GlobalSection(SolutionProperties) = preSolution
		HideSolutionNode = FALSE
	EndGlobalSection
	GlobalSection(ExtensibilityGlobals) = postSolution
		SolutionGuid = {7F7081D6-C22D-4A0A-A311-F04B41478FAF}
	EndGlobalSection
EndGlobal
